
Microsoft Visual Studio Solution File, Format Version 12.00
# Visual Studio Version 17
VisualStudioVersion = 17.0.31903.59
MinimumVisualStudioVersion = 10.0.40219.1
Project("{FAE04EC0-301F-11D3-BF4B-00C04F79EFBC}") = "API", "API\API.csproj", "{17E259C4-C56D-4C07-BDC7-64E72BBD5CFE}"
EndProject
Project("{FAE04EC0-301F-11D3-BF4B-00C04F79EFBC}") = "Application", "Application\Application.csproj", "{06BE4B66-DF29-433C-AEED-F8A775886517}"
EndProject
Project("{FAE04EC0-301F-11D3-BF4B-00C04F79EFBC}") = "Domain", "Domain\Domain.csproj", "{0CFC36C9-8023-4CA6-B391-55BF293C4C71}"
EndProject
Project("{FAE04EC0-301F-11D3-BF4B-00C04F79EFBC}") = "Persistence", "Persistence\Persistence.csproj", "{229DE13B-414E-4BDC-903D-4ADE2204D60F}"
EndProject
Global
	GlobalSection(SolutionConfigurationPlatforms) = preSolution
		Debug|Any CPU = Debug|Any CPU
		Release|Any CPU = Release|Any CPU
	EndGlobalSection
	GlobalSection(SolutionProperties) = preSolution
		HideSolutionNode = FALSE
	EndGlobalSection
	GlobalSection(ProjectConfigurationPlatforms) = postSolution
		{17E259C4-C56D-4C07-BDC7-64E72BBD5CFE}.Debug|Any CPU.ActiveCfg = Debug|Any CPU
		{17E259C4-C56D-4C07-BDC7-64E72BBD5CFE}.Debug|Any CPU.Build.0 = Debug|Any CPU
		{17E259C4-C56D-4C07-BDC7-64E72BBD5CFE}.Release|Any CPU.ActiveCfg = Release|Any CPU
		{17E259C4-C56D-4C07-BDC7-64E72BBD5CFE}.Release|Any CPU.Build.0 = Release|Any CPU
		{06BE4B66-DF29-433C-AEED-F8A775886517}.Debug|Any CPU.ActiveCfg = Debug|Any CPU
		{06BE4B66-DF29-433C-AEED-F8A775886517}.Debug|Any CPU.Build.0 = Debug|Any CPU
		{06BE4B66-DF29-433C-AEED-F8A775886517}.Release|Any CPU.ActiveCfg = Release|Any CPU
		{06BE4B66-DF29-433C-AEED-F8A775886517}.Release|Any CPU.Build.0 = Release|Any CPU
		{0CFC36C9-8023-4CA6-B391-55BF293C4C71}.Debug|Any CPU.ActiveCfg = Debug|Any CPU
		{0CFC36C9-8023-4CA6-B391-55BF293C4C71}.Debug|Any CPU.Build.0 = Debug|Any CPU
		{0CFC36C9-8023-4CA6-B391-55BF293C4C71}.Release|Any CPU.ActiveCfg = Release|Any CPU
		{0CFC36C9-8023-4CA6-B391-55BF293C4C71}.Release|Any CPU.Build.0 = Release|Any CPU
		{229DE13B-414E-4BDC-903D-4ADE2204D60F}.Debug|Any CPU.ActiveCfg = Debug|Any CPU
		{229DE13B-414E-4BDC-903D-4ADE2204D60F}.Debug|Any CPU.Build.0 = Debug|Any CPU
		{229DE13B-414E-4BDC-903D-4ADE2204D60F}.Release|Any CPU.ActiveCfg = Release|Any CPU
		{229DE13B-414E-4BDC-903D-4ADE2204D60F}.Release|Any CPU.Build.0 = Release|Any CPU
	EndGlobalSection
EndGlobal
